
Microsoft Visual Studio Solution File, Format Version 12.00
# Visual Studio 15
VisualStudioVersion = 15.0.27130.2036
MinimumVisualStudioVersion = 10.0.40219.1
Project("{FAE04EC0-301F-11D3-BF4B-00C04F79EFBC}") = "Damas8", "Damas8\Damas8.csproj", "{110F0637-A37F-46B2-B97D-A0F7965DA460}"
EndProject
Global
	GlobalSection(SolutionConfigurationPlatforms) = preSolution
		Debug|Any CPU = Debug|Any CPU
		Release|Any CPU = Release|Any CPU
	EndGlobalSection
	GlobalSection(ProjectConfigurationPlatforms) = postSolution
		{110F0637-A37F-46B2-B97D-A0F7965DA460}.Debug|Any CPU.ActiveCfg = Debug|Any CPU
		{110F0637-A37F-46B2-B97D-A0F7965DA460}.Debug|Any CPU.Build.0 = Debug|Any CPU
		{110F0637-A37F-46B2-B97D-A0F7965DA460}.Release|Any CPU.ActiveCfg = Release|Any CPU
		{110F0637-A37F-46B2-B97D-A0F7965DA460}.Release|Any CPU.Build.0 = Release|Any CPU
	EndGlobalSection
	GlobalSection(SolutionProperties) = preSolution
		HideSolutionNode = FALSE
	EndGlobalSection
	GlobalSection(ExtensibilityGlobals) = postSolution
		SolutionGuid = {45312D0F-C98D-4FA5-9D80-BEF819E4A9D8}
	EndGlobalSection
EndGlobal
